
Microsoft Visual Studio Solution File, Format Version 12.00
# Visual Studio Version 16
VisualStudioVersion = 16.0.31624.102
MinimumVisualStudioVersion = 10.0.40219.1
Project("{FAE04EC0-301F-11D3-BF4B-00C04F79EFBC}") = "EmprestaAi", "EmprestaAi.csproj", "{74CB41A8-FEED-47A1-88C4-6AE9C4199D25}"
EndProject
Global
	GlobalSection(SolutionConfigurationPlatforms) = preSolution
		Debug|Any CPU = Debug|Any CPU
		Release|Any CPU = Release|Any CPU
	EndGlobalSection
	GlobalSection(ProjectConfigurationPlatforms) = postSolution
		{74CB41A8-FEED-47A1-88C4-6AE9C4199D25}.Debug|Any CPU.ActiveCfg = Debug|Any CPU
		{74CB41A8-FEED-47A1-88C4-6AE9C4199D25}.Debug|Any CPU.Build.0 = Debug|Any CPU
		{74CB41A8-FEED-47A1-88C4-6AE9C4199D25}.Release|Any CPU.ActiveCfg = Release|Any CPU
		{74CB41A8-FEED-47A1-88C4-6AE9C4199D25}.Release|Any CPU.Build.0 = Release|Any CPU
	EndGlobalSection
	GlobalSection(SolutionProperties) = preSolution
		HideSolutionNode = FALSE
	EndGlobalSection
	GlobalSection(ExtensibilityGlobals) = postSolution
		SolutionGuid = {FB929002-E43A-498A-8169-1810A0FC5549}
	EndGlobalSection
EndGlobal
